# This file is automatically @generated by Cargo.
# It is not intended for manual editing.
version = 4

[[package]]
name = "autocfg"
version = "1.4.0"
source = "registry+https://github.com/rust-lang/crates.io-index"
checksum = "ace50bade8e6234aa140d9a2f552bbee1db4d353f69b8217bc503490fc1a9f26"

[[package]]
name = "base"
version = "0.1.0"
dependencies = [
 "spirv-std",
]

[[package]]
name = "bitflags"
version = "1.3.2"
source = "registry+https://github.com/rust-lang/crates.io-index"
checksum = "bef38d45163c2f1dde094a7dfd33ccf595c92905c8f8f4fdc18d06fb1037718a"

[[package]]
name = "blur"
version = "0.1.0"
dependencies = [
 "spirv-std",
]

[[package]]
name = "cloth"
version = "0.1.0"
dependencies = [
 "spirv-std",
]

[[package]]
name = "colorpass"
version = "0.1.0"
dependencies = [
 "spirv-std",
]

[[package]]
name = "composition"
version = "0.1.0"
dependencies = [
 "spirv-std",
]

[[package]]
name = "computecullandlod-cull"
version = "0.1.0"
dependencies = [
 "spirv-std",
]

[[package]]
name = "computecullandlod-indirectdraw"
version = "0.1.0"
dependencies = [
 "spirv-std",
]

[[package]]
name = "computeheadless-headless"
version = "0.1.0"
dependencies = [
 "spirv-std",
]

[[package]]
name = "computeparticles-particle"
version = "0.1.0"
dependencies = [
 "spirv-std",
]

[[package]]
name = "computeshader-texture"
version = "0.1.0"
dependencies = [
 "spirv-std",
]

[[package]]
name = "conditionalrender-model"
version = "0.1.0"
dependencies = [
 "spirv-std",
]

[[package]]
name = "cube"
version = "0.1.0"
dependencies = [
 "spirv-std",
]

[[package]]
name = "debugprintf-toon"
version = "0.1.0"
dependencies = [
 "spirv-std",
]

[[package]]
name = "debugutils-colorpass"
version = "0.1.0"
dependencies = [
 "spirv-std",
]

[[package]]
name = "debugutils-postprocess"
version = "0.1.0"
dependencies = [
 "spirv-std",
]

[[package]]
name = "debugutils-toon"
version = "0.1.0"
dependencies = [
 "spirv-std",
]

[[package]]
name = "deferred"
version = "0.1.0"
dependencies = [
 "spirv-std",
]

[[package]]
name = "descriptorbuffer-cube"
version = "0.1.0"
dependencies = [
 "spirv-std",
]

[[package]]
name = "descriptorindexing"
version = "0.1.0"
dependencies = [
 "spirv-std",
]

[[package]]
name = "displacement-base"
version = "0.1.0"
dependencies = [
 "spirv-std",
]

[[package]]
name = "displacement-displacement"
version = "0.1.0"
dependencies = [
 "spirv-std",
]

[[package]]
name = "distancefieldfonts-bitmap"
version = "0.1.0"
dependencies = [
 "spirv-std",
]

[[package]]
name = "distancefieldfonts-sdf"
version = "0.1.0"
dependencies = [
 "spirv-std",
]

[[package]]
name = "dynamicrendering-texture"
version = "0.1.0"
dependencies = [
 "spirv-std",
]

[[package]]
name = "edgedetect"
version = "0.1.0"
dependencies = [
 "spirv-std",
]

[[package]]
name = "emboss"
version = "0.1.0"
dependencies = [
 "spirv-std",
]

[[package]]
name = "filtercube"
version = "0.1.0"
dependencies = [
 "spirv-std",
]

[[package]]
name = "fullscreen"
version = "0.1.0"
dependencies = [
 "spirv-std",
]

[[package]]
name = "gaussblur"
version = "0.1.0"
dependencies = [
 "spirv-std",
]

[[package]]
name = "gbuffer"
version = "0.1.0"
dependencies = [
 "spirv-std",
]

[[package]]
name = "gears"
version = "0.1.0"
dependencies = [
 "spirv-std",
]

[[package]]
name = "genbrdflut"
version = "0.1.0"
dependencies = [
 "spirv-std",
]

[[package]]
name = "glam"
version = "0.30.4"
source = "registry+https://github.com/rust-lang/crates.io-index"
checksum = "50a99dbe56b72736564cfa4b85bf9a33079f16ae8b74983ab06af3b1a3696b11"
dependencies = [
 "libm",
]

[[package]]
name = "gltfloading-mesh"
version = "0.1.0"
dependencies = [
 "spirv-std",
]

[[package]]
name = "gltfscenerendering-scene"
version = "0.1.0"
dependencies = [
 "spirv-std",
]

[[package]]
name = "gltfskinning-skinnedmodel"
version = "0.1.0"
dependencies = [
 "spirv-std",
]

[[package]]
name = "graphicspipelinelibrary-shared"
version = "0.1.0"
dependencies = [
 "spirv-std",
]

[[package]]
name = "graphicspipelinelibrary-uber"
version = "0.1.0"
dependencies = [
 "spirv-std",
]

[[package]]
name = "ground"
version = "0.1.0"
dependencies = [
 "spirv-std",
]

[[package]]
name = "hdr-bloom"
version = "0.1.0"
dependencies = [
 "spirv-std",
]

[[package]]
name = "hdr-composition"
version = "0.1.0"
dependencies = [
 "spirv-std",
]

[[package]]
name = "hdr-gbuffer"
version = "0.1.0"
dependencies = [
 "spirv-std",
]

[[package]]
name = "imgui-scene"
version = "0.1.0"
dependencies = [
 "spirv-std",
]

[[package]]
name = "imgui-ui"
version = "0.1.0"
dependencies = [
 "spirv-std",
]

[[package]]
name = "indirectdraw"
version = "0.1.0"
dependencies = [
 "spirv-std",
]

[[package]]
name = "inlineuniformblocks-pbr"
version = "0.1.0"
dependencies = [
 "spirv-std",
]

[[package]]
name = "inputattachments-attachmentread"
version = "0.1.0"
dependencies = [
 "spirv-std",
]

[[package]]
name = "inputattachments-attachmentwrite"
version = "0.1.0"
dependencies = [
 "spirv-std",
]

[[package]]
name = "instancing"
version = "0.1.0"
dependencies = [
 "spirv-std",
]

[[package]]
name = "instancing-instancing"
version = "0.1.0"
dependencies = [
 "spirv-std",
]

[[package]]
name = "irradiancecube"
version = "0.1.0"
dependencies = [
 "spirv-std",
]

[[package]]
name = "libm"
version = "0.2.11"
source = "registry+https://github.com/rust-lang/crates.io-index"
checksum = "8355be11b20d696c8f18f6cc018c4e372165b1fa8126cef092399c9951984ffa"

[[package]]
name = "mesh"
version = "0.1.0"
dependencies = [
 "spirv-std",
]

[[package]]
name = "mrt"
version = "0.1.0"
dependencies = [
 "spirv-std",
]

[[package]]
name = "multithreading-phong"
version = "0.1.0"
dependencies = [
 "spirv-std",
]

[[package]]
name = "multithreading-starsphere"
version = "0.1.0"
dependencies = [
 "spirv-std",
]

[[package]]
name = "multiview-multiview"
version = "0.1.0"
dependencies = [
 "spirv-std",
]

[[package]]
name = "multiview-viewdisplay"
version = "0.1.0"
dependencies = [
 "spirv-std",
]

[[package]]
name = "num-traits"
version = "0.2.19"
source = "registry+https://github.com/rust-lang/crates.io-index"
checksum = "071dfc062690e90b734c0b2273ce72ad0ffa95f0c74596bc250dcfd960262841"
dependencies = [
 "autocfg",
 "libm",
]

[[package]]
name = "occluder"
version = "0.1.0"
dependencies = [
 "spirv-std",
]

[[package]]
name = "occlusionquery-mesh"
version = "0.1.0"
dependencies = [
 "spirv-std",
]

[[package]]
name = "offscreen"
version = "0.1.0"
dependencies = [
 "spirv-std",
]

[[package]]
name = "offscreen-mirror"
version = "0.1.0"
dependencies = [
 "spirv-std",
]

[[package]]
name = "offscreen-phong"
version = "0.1.0"
dependencies = [
 "spirv-std",
]

[[package]]
name = "offscreen-quad"
version = "0.1.0"
dependencies = [
 "spirv-std",
]

[[package]]
name = "parallax"
version = "0.1.0"
dependencies = [
 "spirv-std",
]

[[package]]
name = "particle"
version = "0.1.0"
dependencies = [
 "spirv-std",
]

[[package]]
name = "particle_calculate"
version = "0.1.0"
dependencies = [
 "spirv-std",
]

[[package]]
name = "particle_integrate"
version = "0.1.0"
dependencies = [
 "spirv-std",
]

[[package]]
name = "particlesystem-normalmap"
version = "0.1.0"
dependencies = [
 "spirv-std",
]

[[package]]
name = "particlesystem-particle"
version = "0.1.0"
dependencies = [
 "spirv-std",
]

[[package]]
name = "pbrbasic-pbr"
version = "0.1.0"
dependencies = [
 "spirv-std",
]

[[package]]
name = "pbribl"
version = "0.1.0"
dependencies = [
 "spirv-std",
]

[[package]]
name = "pbribl-skybox"
version = "0.1.0"
dependencies = [
 "spirv-std",
]

[[package]]
name = "phong"
version = "0.1.0"
dependencies = [
 "spirv-std",
]

[[package]]
name = "phongpass"
version = "0.1.0"
dependencies = [
 "spirv-std",
]

[[package]]
name = "planet"
version = "0.1.0"
dependencies = [
 "spirv-std",
]

[[package]]
name = "prefilterenvmap"
version = "0.1.0"
dependencies = [
 "spirv-std",
]

[[package]]
name = "proc-macro2"
version = "1.0.95"
source = "registry+https://github.com/rust-lang/crates.io-index"
checksum = "02b3e5e68a3a1a02aad3ec490a98007cbc13c37cbe84a3cd7b8e406d76e7f778"
dependencies = [
 "unicode-ident",
]

[[package]]
name = "pushconstants"
version = "0.1.0"
dependencies = [
 "spirv-std",
]

[[package]]
name = "pushdescriptors-cube"
version = "0.1.0"
dependencies = [
 "spirv-std",
]

[[package]]
name = "quad"
version = "0.1.0"
dependencies = [
 "spirv-std",
]

[[package]]
name = "quote"
version = "1.0.40"
source = "registry+https://github.com/rust-lang/crates.io-index"
checksum = "1885c039570dc00dcb4ff087a89e185fd56bae234ddc7f056a945bf36467248d"
dependencies = [
 "proc-macro2",
]

[[package]]
name = "radialblur"
version = "0.1.0"
dependencies = [
 "spirv-std",
]

[[package]]
name = "radialblur-colorpass"
version = "0.1.0"
dependencies = [
 "spirv-std",
]

[[package]]
name = "radialblur-phongpass"
version = "0.1.0"
dependencies = [
 "spirv-std",
]

[[package]]
name = "rayquery-scene"
version = "0.1.0"
dependencies = [
 "spirv-std",
]

[[package]]
name = "reflect"
version = "0.1.0"
dependencies = [
 "spirv-std",
]

[[package]]
name = "renderheadless-triangle"
version = "0.1.0"
dependencies = [
 "spirv-std",
]

[[package]]
name = "scene"
version = "0.1.0"
dependencies = [
 "spirv-std",
]

[[package]]
name = "screenshot-mesh"
version = "0.1.0"
dependencies = [
 "spirv-std",
]

[[package]]
name = "sem"
version = "0.1.0"
dependencies = [
 "spirv-std",
]

[[package]]
name = "shaderobjects-phong"
version = "0.1.0"
dependencies = [
 "spirv-std",
]

[[package]]
name = "shadowmapping-quad"
version = "0.1.0"
dependencies = [
 "spirv-std",
]

[[package]]
name = "sharpen"
version = "0.1.0"
dependencies = [
 "spirv-std",
]

[[package]]
name = "simple"
version = "0.1.0"
dependencies = [
 "spirv-std",
]

[[package]]
name = "skybox"
version = "0.1.0"
dependencies = [
 "spirv-std",
]

[[package]]
name = "skysphere"
version = "0.1.0"
dependencies = [
 "spirv-std",
]

[[package]]
name = "sphere"
version = "0.1.0"
dependencies = [
 "spirv-std",
]

[[package]]
name = "spirv-std"
version = "0.9.0"
source = "git+https://github.com/rust-gpu/rust-gpu.git?branch=main#30024f86419f06436c25e835cb4794e1f41fbcb9"
dependencies = [
 "bitflags",
 "glam",
 "libm",
 "num-traits",
 "spirv-std-macros",
 "spirv-std-types",
]

[[package]]
name = "spirv-std-macros"
version = "0.9.0"
source = "git+https://github.com/rust-gpu/rust-gpu.git?branch=main#30024f86419f06436c25e835cb4794e1f41fbcb9"
dependencies = [
 "proc-macro2",
 "quote",
 "spirv-std-types",
 "syn",
]

[[package]]
name = "spirv-std-types"
version = "0.9.0"
source = "git+https://github.com/rust-gpu/rust-gpu.git?branch=main#30024f86419f06436c25e835cb4794e1f41fbcb9"

[[package]]
name = "ssao"
version = "0.1.0"
dependencies = [
 "spirv-std",
]

[[package]]
name = "starfield"
version = "0.1.0"
dependencies = [
 "spirv-std",
]

[[package]]
name = "stencilbuffer-outline"
version = "0.1.0"
dependencies = [
 "spirv-std",
]

[[package]]
name = "stencilbuffer-toon"
version = "0.1.0"
dependencies = [
 "spirv-std",
]

[[package]]
name = "syn"
version = "2.0.102"
source = "registry+https://github.com/rust-lang/crates.io-index"
checksum = "f6397daf94fa90f058bd0fd88429dd9e5738999cca8d701813c80723add80462"
dependencies = [
 "proc-macro2",
 "quote",
 "unicode-ident",
]

[[package]]
name = "textoverlay"
version = "0.1.0"
dependencies = [
 "spirv-std",
]

[[package]]
name = "textoverlay-mesh"
version = "0.1.0"
dependencies = [
 "spirv-std",
]

[[package]]
name = "textoverlay-text"
version = "0.1.0"
dependencies = [
 "spirv-std",
]

[[package]]
name = "texture"
version = "0.1.0"
dependencies = [
 "spirv-std",
]

[[package]]
name = "texture3d"
version = "0.1.0"
dependencies = [
 "spirv-std",
]

[[package]]
name = "texturecubemap-skybox"
version = "0.1.0"
dependencies = [
 "spirv-std",
]

[[package]]
name = "texturecubemaparray-reflect"
version = "0.1.0"
dependencies = [
 "spirv-std",
]

[[package]]
name = "texturecubemaparray-skybox"
version = "0.1.0"
dependencies = [
 "spirv-std",
]

[[package]]
name = "texturemipmapgen-texture"
version = "0.1.0"
dependencies = [
 "spirv-std",
]

[[package]]
name = "toon"
version = "0.1.0"
dependencies = [
 "spirv-std",
]

[[package]]
name = "triangle"
version = "0.1.0"
dependencies = [
 "spirv-std",
]

[[package]]
name = "uber"
version = "0.1.0"
dependencies = [
 "spirv-std",
]

[[package]]
name = "uioverlay"
version = "0.1.0"
dependencies = [
 "spirv-std",
]

[[package]]
name = "unicode-ident"
version = "1.0.18"
source = "registry+https://github.com/rust-lang/crates.io-index"
checksum = "5a5f39404a5da50712a4c1eecf25e90dd62b613502b7e925fd4e4d19b5c96512"

[[package]]
name = "vertexattributes-scene"
version = "0.1.0"
dependencies = [
 "spirv-std",
]

[[package]]
name = "vulkanscene-logo"
version = "0.1.0"
dependencies = [
 "spirv-std",
]

[[package]]
name = "vulkanscene-mesh"
version = "0.1.0"
dependencies = [
 "spirv-std",
]

[[package]]
name = "vulkanscene-skybox"
version = "0.1.0"
dependencies = [
 "spirv-std",
]

[[package]]
name = "wireframe"
version = "0.1.0"
dependencies = [
 "spirv-std",
]
